
Microsoft Visual Studio Solution File, Format Version 12.00
# Visual Studio Version 17
VisualStudioVersion = 17.11.35208.52
MinimumVisualStudioVersion = 10.0.40219.1
Project("{FAE04EC0-301F-11D3-BF4B-00C04F79EFBC}") = "sp-hw3", "sp-hw3\sp-hw3.csproj", "{5E967B9A-0439-4C6A-AFB9-6D6236C18F43}"
EndProject
Global
	GlobalSection(SolutionConfigurationPlatforms) = preSolution
		Debug|Any CPU = Debug|Any CPU
		Release|Any CPU = Release|Any CPU
	EndGlobalSection
	GlobalSection(ProjectConfigurationPlatforms) = postSolution
		{5E967B9A-0439-4C6A-AFB9-6D6236C18F43}.Debug|Any CPU.ActiveCfg = Debug|Any CPU
		{5E967B9A-0439-4C6A-AFB9-6D6236C18F43}.Debug|Any CPU.Build.0 = Debug|Any CPU
		{5E967B9A-0439-4C6A-AFB9-6D6236C18F43}.Release|Any CPU.ActiveCfg = Release|Any CPU
		{5E967B9A-0439-4C6A-AFB9-6D6236C18F43}.Release|Any CPU.Build.0 = Release|Any CPU
	EndGlobalSection
	GlobalSection(SolutionProperties) = preSolution
		HideSolutionNode = FALSE
	EndGlobalSection
	GlobalSection(ExtensibilityGlobals) = postSolution
		SolutionGuid = {C79346B1-05F4-46F1-A414-76781A847CED}
	EndGlobalSection
EndGlobal
